
Microsoft Visual Studio Solution File, Format Version 12.00
# Visual Studio Version 17
VisualStudioVersion = 17.13.35806.99
MinimumVisualStudioVersion = 10.0.40219.1
Project("{8BC9CEB8-8B4A-11D0-8D11-00A0C91BC942}") = "lab1", "lab1\lab1.vcxproj", "{48299D48-443B-4C4F-BBDB-7A95FC4C2D14}"
EndProject
Project("{8BC9CEB8-8B4A-11D0-8D11-00A0C91BC942}") = "collections", "collections\collections.vcxproj", "{AE3B9F68-4B93-46DE-9479-E32A52880AB0}"
EndProject
Project("{8BC9CEB8-8B4A-11D0-8D11-00A0C91BC942}") = "cursed", "cursed\cursed.vcxproj", "{20BF2CFB-43E7-4907-84CA-BDEB2D3D1F55}"
EndProject
Project("{8BC9CEB8-8B4A-11D0-8D11-00A0C91BC942}") = "lab2", "lab2\lab2.vcxproj", "{FCE608C9-3565-47C9-B881-D89372ED96AF}"
EndProject
Project("{8BC9CEB8-8B4A-11D0-8D11-00A0C91BC942}") = "lab3", "lab3\lab3.vcxproj", "{EDC94B2C-E420-413E-8FF6-700933B8C4E1}"
EndProject
Project("{8BC9CEB8-8B4A-11D0-8D11-00A0C91BC942}") = "lab4", "lab4\lab4.vcxproj", "{63F0E03A-AE1C-4AE9-90D0-72B3A19021FB}"
EndProject
Project("{8BC9CEB8-8B4A-11D0-8D11-00A0C91BC942}") = "lab5", "lab5\lab5.vcxproj", "{3C877AC6-5147-4F50-A404-82AAE2050E9C}"
EndProject
Project("{8BC9CEB8-8B4A-11D0-8D11-00A0C91BC942}") = "lab6", "lab6\lab6.vcxproj", "{FB4B46FD-7102-42D2-9C56-3DBC2BDE9389}"
EndProject
Project("{8BC9CEB8-8B4A-11D0-8D11-00A0C91BC942}") = "lab7", "lab7\lab7.vcxproj", "{E97B437A-7CC7-48B3-89D3-903C98D5C088}"
EndProject
Global
	GlobalSection(SolutionConfigurationPlatforms) = preSolution
		Debug|x64 = Debug|x64
		Debug|x86 = Debug|x86
		Release|x64 = Release|x64
		Release|x86 = Release|x86
	EndGlobalSection
	GlobalSection(ProjectConfigurationPlatforms) = postSolution
		{48299D48-443B-4C4F-BBDB-7A95FC4C2D14}.Debug|x64.ActiveCfg = Debug|x64
		{48299D48-443B-4C4F-BBDB-7A95FC4C2D14}.Debug|x64.Build.0 = Debug|x64
		{48299D48-443B-4C4F-BBDB-7A95FC4C2D14}.Debug|x86.ActiveCfg = Debug|Win32
		{48299D48-443B-4C4F-BBDB-7A95FC4C2D14}.Debug|x86.Build.0 = Debug|Win32
		{48299D48-443B-4C4F-BBDB-7A95FC4C2D14}.Release|x64.ActiveCfg = Release|x64
		{48299D48-443B-4C4F-BBDB-7A95FC4C2D14}.Release|x64.Build.0 = Release|x64
		{48299D48-443B-4C4F-BBDB-7A95FC4C2D14}.Release|x86.ActiveCfg = Release|Win32
		{48299D48-443B-4C4F-BBDB-7A95FC4C2D14}.Release|x86.Build.0 = Release|Win32
		{AE3B9F68-4B93-46DE-9479-E32A52880AB0}.Debug|x64.ActiveCfg = Debug|x64
		{AE3B9F68-4B93-46DE-9479-E32A52880AB0}.Debug|x64.Build.0 = Debug|x64
		{AE3B9F68-4B93-46DE-9479-E32A52880AB0}.Debug|x86.ActiveCfg = Debug|Win32
		{AE3B9F68-4B93-46DE-9479-E32A52880AB0}.Debug|x86.Build.0 = Debug|Win32
		{AE3B9F68-4B93-46DE-9479-E32A52880AB0}.Release|x64.ActiveCfg = Release|x64
		{AE3B9F68-4B93-46DE-9479-E32A52880AB0}.Release|x64.Build.0 = Release|x64
		{AE3B9F68-4B93-46DE-9479-E32A52880AB0}.Release|x86.ActiveCfg = Release|Win32
		{AE3B9F68-4B93-46DE-9479-E32A52880AB0}.Release|x86.Build.0 = Release|Win32
		{20BF2CFB-43E7-4907-84CA-BDEB2D3D1F55}.Debug|x64.ActiveCfg = Debug|x64
		{20BF2CFB-43E7-4907-84CA-BDEB2D3D1F55}.Debug|x64.Build.0 = Debug|x64
		{20BF2CFB-43E7-4907-84CA-BDEB2D3D1F55}.Debug|x86.ActiveCfg = Debug|Win32
		{20BF2CFB-43E7-4907-84CA-BDEB2D3D1F55}.Debug|x86.Build.0 = Debug|Win32
		{20BF2CFB-43E7-4907-84CA-BDEB2D3D1F55}.Release|x64.ActiveCfg = Release|x64
		{20BF2CFB-43E7-4907-84CA-BDEB2D3D1F55}.Release|x64.Build.0 = Release|x64
		{20BF2CFB-43E7-4907-84CA-BDEB2D3D1F55}.Release|x86.ActiveCfg = Release|Win32
		{20BF2CFB-43E7-4907-84CA-BDEB2D3D1F55}.Release|x86.Build.0 = Release|Win32
		{FCE608C9-3565-47C9-B881-D89372ED96AF}.Debug|x64.ActiveCfg = Debug|x64
		{FCE608C9-3565-47C9-B881-D89372ED96AF}.Debug|x64.Build.0 = Debug|x64
		{FCE608C9-3565-47C9-B881-D89372ED96AF}.Debug|x86.ActiveCfg = Debug|Win32
		{FCE608C9-3565-47C9-B881-D89372ED96AF}.Debug|x86.Build.0 = Debug|Win32
		{FCE608C9-3565-47C9-B881-D89372ED96AF}.Release|x64.ActiveCfg = Release|x64
		{FCE608C9-3565-47C9-B881-D89372ED96AF}.Release|x64.Build.0 = Release|x64
		{FCE608C9-3565-47C9-B881-D89372ED96AF}.Release|x86.ActiveCfg = Release|Win32
		{FCE608C9-3565-47C9-B881-D89372ED96AF}.Release|x86.Build.0 = Release|Win32
		{EDC94B2C-E420-413E-8FF6-700933B8C4E1}.Debug|x64.ActiveCfg = Debug|x64
		{EDC94B2C-E420-413E-8FF6-700933B8C4E1}.Debug|x64.Build.0 = Debug|x64
		{EDC94B2C-E420-413E-8FF6-700933B8C4E1}.Debug|x86.ActiveCfg = Debug|Win32
		{EDC94B2C-E420-413E-8FF6-700933B8C4E1}.Debug|x86.Build.0 = Debug|Win32
		{EDC94B2C-E420-413E-8FF6-700933B8C4E1}.Release|x64.ActiveCfg = Release|x64
		{EDC94B2C-E420-413E-8FF6-700933B8C4E1}.Release|x64.Build.0 = Release|x64
		{EDC94B2C-E420-413E-8FF6-700933B8C4E1}.Release|x86.ActiveCfg = Release|Win32
		{EDC94B2C-E420-413E-8FF6-700933B8C4E1}.Release|x86.Build.0 = Release|Win32
		{63F0E03A-AE1C-4AE9-90D0-72B3A19021FB}.Debug|x64.ActiveCfg = Debug|x64
		{63F0E03A-AE1C-4AE9-90D0-72B3A19021FB}.Debug|x64.Build.0 = Debug|x64
		{63F0E03A-AE1C-4AE9-90D0-72B3A19021FB}.Debug|x86.ActiveCfg = Debug|Win32
		{63F0E03A-AE1C-4AE9-90D0-72B3A19021FB}.Debug|x86.Build.0 = Debug|Win32
		{63F0E03A-AE1C-4AE9-90D0-72B3A19021FB}.Release|x64.ActiveCfg = Release|x64
		{63F0E03A-AE1C-4AE9-90D0-72B3A19021FB}.Release|x64.Build.0 = Release|x64
		{63F0E03A-AE1C-4AE9-90D0-72B3A19021FB}.Release|x86.ActiveCfg = Release|Win32
		{63F0E03A-AE1C-4AE9-90D0-72B3A19021FB}.Release|x86.Build.0 = Release|Win32
		{3C877AC6-5147-4F50-A404-82AAE2050E9C}.Debug|x64.ActiveCfg = Debug|x64
		{3C877AC6-5147-4F50-A404-82AAE2050E9C}.Debug|x64.Build.0 = Debug|x64
		{3C877AC6-5147-4F50-A404-82AAE2050E9C}.Debug|x86.ActiveCfg = Debug|Win32
		{3C877AC6-5147-4F50-A404-82AAE2050E9C}.Debug|x86.Build.0 = Debug|Win32
		{3C877AC6-5147-4F50-A404-82AAE2050E9C}.Release|x64.ActiveCfg = Release|x64
		{3C877AC6-5147-4F50-A404-82AAE2050E9C}.Release|x64.Build.0 = Release|x64
		{3C877AC6-5147-4F50-A404-82AAE2050E9C}.Release|x86.ActiveCfg = Release|Win32
		{3C877AC6-5147-4F50-A404-82AAE2050E9C}.Release|x86.Build.0 = Release|Win32
		{FB4B46FD-7102-42D2-9C56-3DBC2BDE9389}.Debug|x64.ActiveCfg = Debug|x64
		{FB4B46FD-7102-42D2-9C56-3DBC2BDE9389}.Debug|x64.Build.0 = Debug|x64
		{FB4B46FD-7102-42D2-9C56-3DBC2BDE9389}.Debug|x86.ActiveCfg = Debug|Win32
		{FB4B46FD-7102-42D2-9C56-3DBC2BDE9389}.Debug|x86.Build.0 = Debug|Win32
		{FB4B46FD-7102-42D2-9C56-3DBC2BDE9389}.Release|x64.ActiveCfg = Release|x64
		{FB4B46FD-7102-42D2-9C56-3DBC2BDE9389}.Release|x64.Build.0 = Release|x64
		{FB4B46FD-7102-42D2-9C56-3DBC2BDE9389}.Release|x86.ActiveCfg = Release|Win32
		{FB4B46FD-7102-42D2-9C56-3DBC2BDE9389}.Release|x86.Build.0 = Release|Win32
		{E97B437A-7CC7-48B3-89D3-903C98D5C088}.Debug|x64.ActiveCfg = Debug|x64
		{E97B437A-7CC7-48B3-89D3-903C98D5C088}.Debug|x64.Build.0 = Debug|x64
		{E97B437A-7CC7-48B3-89D3-903C98D5C088}.Debug|x86.ActiveCfg = Debug|Win32
		{E97B437A-7CC7-48B3-89D3-903C98D5C088}.Debug|x86.Build.0 = Debug|Win32
		{E97B437A-7CC7-48B3-89D3-903C98D5C088}.Release|x64.ActiveCfg = Release|x64
		{E97B437A-7CC7-48B3-89D3-903C98D5C088}.Release|x64.Build.0 = Release|x64
		{E97B437A-7CC7-48B3-89D3-903C98D5C088}.Release|x86.ActiveCfg = Release|Win32
		{E97B437A-7CC7-48B3-89D3-903C98D5C088}.Release|x86.Build.0 = Release|Win32
	EndGlobalSection
	GlobalSection(SolutionProperties) = preSolution
		HideSolutionNode = FALSE
	EndGlobalSection
	GlobalSection(ExtensibilityGlobals) = postSolution
		SolutionGuid = {4CCD635C-B2DE-4B69-8E7E-B788004DA835}
	EndGlobalSection
EndGlobal
